{
  "nodes": {
    "flake-parts": {
      "inputs": {
        "nixpkgs-lib": "nixpkgs-lib"
      },
      "locked": {
        "lastModified": 1763759067,
        "narHash": "sha256-LlLt2Jo/gMNYAwOgdRQBrsRoOz7BPRkzvNaI/fzXi2Q=",
        "owner": "hercules-ci",
        "repo": "flake-parts",
        "rev": "2cccadc7357c0ba201788ae99c4dfa90728ef5e0",
        "type": "github"
      },
      "original": {
        "owner": "hercules-ci",
        "repo": "flake-parts",
        "type": "github"
      }
    },
    "lem": {
      "inputs": {
        "flake-parts": "flake-parts",
        "nixpkgs": "nixpkgs"
      },
      "locked": {
        "lastModified": 1784795942,
        "narHash": "sha256-ad/aAqO8g52CvoyXtRaL/07ad30zCXCgtXgErV7IS7s=",
        "owner": "yathxyz",
        "repo": "lem",
        "rev": "6268b3313cb8d2c2d69d5e15e18e9b34897791cc",
        "type": "github"
      },
      "original": {
        "owner": "yathxyz",
        "repo": "lem",
        "type": "github"
      }
    },
    "nixpkgs": {
      "locked": {
        "lastModified": 1765292561,
        "narHash": "sha256-5XjyW4HhS+zCWCKuFfKfABClhKtHJKvmUMBzWj93ckM=",
        "owner": "nixos",
        "repo": "nixpkgs",
        "rev": "9adea044bcedaf08cf2c8d7ee575ffbfb839618e",
        "type": "github"
      },
      "original": {
        "owner": "nixos",
        "ref": "release-25.11",
        "repo": "nixpkgs",
        "type": "github"
      }
    },
    "nixpkgs-lib": {
      "locked": {
        "lastModified": 1761765539,
        "narHash": "sha256-b0yj6kfvO8ApcSE+QmA6mUfu8IYG6/uU28OFn4PaC8M=",
        "owner": "nix-community",
        "repo": "nixpkgs.lib",
        "rev": "719359f4562934ae99f5443f20aa06c2ffff91fc",
        "type": "github"
      },
      "original": {
        "owner": "nix-community",
        "repo": "nixpkgs.lib",
        "type": "github"
      }
    },
    "root": {
      "inputs": {
        "lem": "lem",
        "nixpkgs": [
          "lem",
          "nixpkgs"
        ],
        "yasnippet-snippets": "yasnippet-snippets"
      }
    },
    "yasnippet-snippets": {
      "flake": false,
      "locked": {
        "lastModified": 1765801918,
        "narHash": "sha256-nwg8Y0crlC/hRxIkd3fikYheFBEeC5tZwpg/nltHaBE=",
        "owner": "AndreaCrotti",
        "repo": "yasnippet-snippets",
        "rev": "606ee926df6839243098de6d71332a697518cb86",
        "type": "github"
      },
      "original": {
        "owner": "AndreaCrotti",
        "repo": "yasnippet-snippets",
        "rev": "606ee926df6839243098de6d71332a697518cb86",
        "type": "github"
      }
    }
  },
  "root": "root",
  "version": 7
}
